
Microsoft Visual Studio Solution File, Format Version 12.00
# Visual Studio 14
VisualStudioVersion = 14.0.25123.0
MinimumVisualStudioVersion = 10.0.40219.1
Project("{FAE04EC0-301F-11D3-BF4B-00C04F79EFBC}") = "DataCountServices", "DataCountServices\DataCountServices.csproj", "{38514B6E-90EA-41C7-98F1-B108EA77542B}"
EndProject
Project("{FAE04EC0-301F-11D3-BF4B-00C04F79EFBC}") = "ConSol", "..\..\..\..\..\..\Projects\ConSol\ConSol\ConSol\ConSol.csproj", "{08A058CE-0A87-4801-A438-021F342F3C01}"
EndProject
Project("{FAE04EC0-301F-11D3-BF4B-00C04F79EFBC}") = "ConSolHWeb.Data", "..\..\..\..\..\..\Projects\ConSolHWeb.Data\ConSolHWeb.Data\ConSolHWeb.Data.csproj", "{E49A636A-CF65-426C-8B5D-DAF8E95769C2}"
EndProject
Project("{FAE04EC0-301F-11D3-BF4B-00C04F79EFBC}") = "ConSolJob", "..\..\..\..\..\..\Projects\ConSolJob\ConSolJob\ConSolJob\ConSolJob.csproj", "{E15C8254-9FDD-428A-BC6A-00822CAA26A2}"
EndProject
Global
	GlobalSection(SolutionConfigurationPlatforms) = preSolution
		Debug|Any CPU = Debug|Any CPU
		Debug|x86 = Debug|x86
		Release|Any CPU = Release|Any CPU
		Release|x86 = Release|x86
	EndGlobalSection
	GlobalSection(ProjectConfigurationPlatforms) = postSolution
		{38514B6E-90EA-41C7-98F1-B108EA77542B}.Debug|Any CPU.ActiveCfg = Debug|Any CPU
		{38514B6E-90EA-41C7-98F1-B108EA77542B}.Debug|Any CPU.Build.0 = Debug|Any CPU
		{38514B6E-90EA-41C7-98F1-B108EA77542B}.Debug|x86.ActiveCfg = Debug|Any CPU
		{38514B6E-90EA-41C7-98F1-B108EA77542B}.Debug|x86.Build.0 = Debug|Any CPU
		{38514B6E-90EA-41C7-98F1-B108EA77542B}.Release|Any CPU.ActiveCfg = Release|Any CPU
		{38514B6E-90EA-41C7-98F1-B108EA77542B}.Release|Any CPU.Build.0 = Release|Any CPU
		{38514B6E-90EA-41C7-98F1-B108EA77542B}.Release|x86.ActiveCfg = Release|Any CPU
		{38514B6E-90EA-41C7-98F1-B108EA77542B}.Release|x86.Build.0 = Release|Any CPU
		{08A058CE-0A87-4801-A438-021F342F3C01}.Debug|Any CPU.ActiveCfg = Debug|Any CPU
		{08A058CE-0A87-4801-A438-021F342F3C01}.Debug|Any CPU.Build.0 = Debug|Any CPU
		{08A058CE-0A87-4801-A438-021F342F3C01}.Debug|x86.ActiveCfg = Debug|Any CPU
		{08A058CE-0A87-4801-A438-021F342F3C01}.Debug|x86.Build.0 = Debug|Any CPU
		{08A058CE-0A87-4801-A438-021F342F3C01}.Release|Any CPU.ActiveCfg = Release|Any CPU
		{08A058CE-0A87-4801-A438-021F342F3C01}.Release|Any CPU.Build.0 = Release|Any CPU
		{08A058CE-0A87-4801-A438-021F342F3C01}.Release|x86.ActiveCfg = Release|Any CPU
		{08A058CE-0A87-4801-A438-021F342F3C01}.Release|x86.Build.0 = Release|Any CPU
		{E49A636A-CF65-426C-8B5D-DAF8E95769C2}.Debug|Any CPU.ActiveCfg = Debug|Any CPU
		{E49A636A-CF65-426C-8B5D-DAF8E95769C2}.Debug|Any CPU.Build.0 = Debug|Any CPU
		{E49A636A-CF65-426C-8B5D-DAF8E95769C2}.Debug|x86.ActiveCfg = Debug|Any CPU
		{E49A636A-CF65-426C-8B5D-DAF8E95769C2}.Debug|x86.Build.0 = Debug|Any CPU
		{E49A636A-CF65-426C-8B5D-DAF8E95769C2}.Release|Any CPU.ActiveCfg = Release|Any CPU
		{E49A636A-CF65-426C-8B5D-DAF8E95769C2}.Release|Any CPU.Build.0 = Release|Any CPU
		{E49A636A-CF65-426C-8B5D-DAF8E95769C2}.Release|x86.ActiveCfg = Release|Any CPU
		{E49A636A-CF65-426C-8B5D-DAF8E95769C2}.Release|x86.Build.0 = Release|Any CPU
		{E15C8254-9FDD-428A-BC6A-00822CAA26A2}.Debug|Any CPU.ActiveCfg = Debug|x86
		{E15C8254-9FDD-428A-BC6A-00822CAA26A2}.Debug|x86.ActiveCfg = Debug|x86
		{E15C8254-9FDD-428A-BC6A-00822CAA26A2}.Debug|x86.Build.0 = Debug|x86
		{E15C8254-9FDD-428A-BC6A-00822CAA26A2}.Release|Any CPU.ActiveCfg = Release|x86
		{E15C8254-9FDD-428A-BC6A-00822CAA26A2}.Release|x86.ActiveCfg = Release|x86
		{E15C8254-9FDD-428A-BC6A-00822CAA26A2}.Release|x86.Build.0 = Release|x86
	EndGlobalSection
	GlobalSection(SolutionProperties) = preSolution
		HideSolutionNode = FALSE
	EndGlobalSection
EndGlobal
